
Microsoft Visual Studio Solution File, Format Version 12.00
# Visual Studio Version 16
VisualStudioVersion = 16.0.810.22
MinimumVisualStudioVersion = 10.0.40219.1
Project("{FAE04EC0-301F-11D3-BF4B-00C04F79EFBC}") = "employeewage", "employeewage\employeewage.csproj", "{276BA96C-2F4A-4990-BAB5-B14CE213A6C8}"
EndProject
Global
	GlobalSection(SolutionConfigurationPlatforms) = preSolution
		Debug|Any CPU = Debug|Any CPU
		Release|Any CPU = Release|Any CPU
	EndGlobalSection
	GlobalSection(ProjectConfigurationPlatforms) = postSolution
		{276BA96C-2F4A-4990-BAB5-B14CE213A6C8}.Debug|Any CPU.ActiveCfg = Debug|Any CPU
		{276BA96C-2F4A-4990-BAB5-B14CE213A6C8}.Debug|Any CPU.Build.0 = Debug|Any CPU
		{276BA96C-2F4A-4990-BAB5-B14CE213A6C8}.Release|Any CPU.ActiveCfg = Release|Any CPU
		{276BA96C-2F4A-4990-BAB5-B14CE213A6C8}.Release|Any CPU.Build.0 = Release|Any CPU
	EndGlobalSection
	GlobalSection(SolutionProperties) = preSolution
		HideSolutionNode = FALSE
	EndGlobalSection
	GlobalSection(ExtensibilityGlobals) = postSolution
		SolutionGuid = {555CC1B9-0DE7-4075-B992-97CCA4B7DC4E}
	EndGlobalSection
EndGlobal
